// !$*UTF8*$!
{
	archiveVersion = 1;
	classes = {
	};
	objectVersion = 52;
	objects = {

/* Begin PBXBuildFile section */
		8A585FEF26A0C60E000F3B8F /* FioriCharts.xcframework in Frameworks */ = {isa = PBXBuildFile; fileRef = 8ADD54BB26A0BAA9009BFA41 /* FioriCharts.xcframework */; };
		8A585FF026A0C60E000F3B8F /* FioriCharts.xcframework in Embed Frameworks */ = {isa = PBXBuildFile; fileRef = 8ADD54BB26A0BAA9009BFA41 /* FioriCharts.xcframework */; settings = {ATTRIBUTES = (CodeSignOnCopy, RemoveHeadersOnCopy, ); }; };
		8A585FF126A0C60E000F3B8F /* FioriSwiftUICore.xcframework in Frameworks */ = {isa = PBXBuildFile; fileRef = 8ADD54B826A0B9EE009BFA41 /* FioriSwiftUICore.xcframework */; };
		8A585FF226A0C60E000F3B8F /* FioriSwiftUICore.xcframework in Embed Frameworks */ = {isa = PBXBuildFile; fileRef = 8ADD54B826A0B9EE009BFA41 /* FioriSwiftUICore.xcframework */; settings = {ATTRIBUTES = (CodeSignOnCopy, RemoveHeadersOnCopy, ); }; };
		8A585FF326A0C60E000F3B8F /* FioriThemeManager.xcframework in Frameworks */ = {isa = PBXBuildFile; fileRef = 8ADD54B226A0B938009BFA41 /* FioriThemeManager.xcframework */; };
		8A585FF426A0C60E000F3B8F /* FioriThemeManager.xcframework in Embed Frameworks */ = {isa = PBXBuildFile; fileRef = 8ADD54B226A0B938009BFA41 /* FioriThemeManager.xcframework */; settings = {ATTRIBUTES = (CodeSignOnCopy, RemoveHeadersOnCopy, ); }; };
		8A585FF826A0C665000F3B8F /* AppTexts.strings in Resources */ = {isa = PBXBuildFile; fileRef = 8A585FFA26A0C665000F3B8F /* AppTexts.strings */; };
		8ADD54A326A0B8FB009BFA41 /* ConsumptionBinaryFrameworkApp.swift in Sources */ = {isa = PBXBuildFile; fileRef = 8ADD54A226A0B8FB009BFA41 /* ConsumptionBinaryFrameworkApp.swift */; };
		8ADD54A526A0B8FB009BFA41 /* ContentView.swift in Sources */ = {isa = PBXBuildFile; fileRef = 8ADD54A426A0B8FB009BFA41 /* ContentView.swift */; };
		8ADD54A726A0B8FE009BFA41 /* Assets.xcassets in Resources */ = {isa = PBXBuildFile; fileRef = 8ADD54A626A0B8FE009BFA41 /* Assets.xcassets */; };
		8ADD54AA26A0B8FE009BFA41 /* Preview Assets.xcassets in Resources */ = {isa = PBXBuildFile; fileRef = 8ADD54A926A0B8FE009BFA41 /* Preview Assets.xcassets */; };
		8ADD54B726A0B9A9009BFA41 /* SettingsColor.swift in Sources */ = {isa = PBXBuildFile; fileRef = 8ADD54B626A0B9A9009BFA41 /* SettingsColor.swift */; };
		8ADD54BF26A0BAF8009BFA41 /* ChartsContentView.swift in Sources */ = {isa = PBXBuildFile; fileRef = 8ADD54BE26A0BAF8009BFA41 /* ChartsContentView.swift */; };
		8ADD54C126A0BB0A009BFA41 /* CoreContentView.swift in Sources */ = {isa = PBXBuildFile; fileRef = 8ADD54C026A0BB0A009BFA41 /* CoreContentView.swift */; };
/* End PBXBuildFile section */

/* Begin PBXCopyFilesBuildPhase section */
		8A585FF526A0C60E000F3B8F /* Embed Frameworks */ = {
			isa = PBXCopyFilesBuildPhase;
			buildActionMask = 2147483647;
			dstPath = "";
			dstSubfolderSpec = 10;
			files = (
				8A585FF426A0C60E000F3B8F /* FioriThemeManager.xcframework in Embed Frameworks */,
				8A585FF226A0C60E000F3B8F /* FioriSwiftUICore.xcframework in Embed Frameworks */,
				8A585FF026A0C60E000F3B8F /* FioriCharts.xcframework in Embed Frameworks */,
			);
			name = "Embed Frameworks";
			runOnlyForDeploymentPostprocessing = 0;
		};
/* End PBXCopyFilesBuildPhase section */

/* Begin PBXFileReference section */
		8A585FF926A0C665000F3B8F /* en */ = {isa = PBXFileReference; lastKnownFileType = text.plist.strings; name = en; path = en.lproj/AppTexts.strings; sourceTree = "<group>"; };
		8A585FFB26A0C66E000F3B8F /* de */ = {isa = PBXFileReference; lastKnownFileType = text.plist.strings; name = de; path = de.lproj/AppTexts.strings; sourceTree = "<group>"; };
		8ADD549F26A0B8FB009BFA41 /* ConsumptionBinaryFramework.app */ = {isa = PBXFileReference; explicitFileType = wrapper.application; includeInIndex = 0; path = ConsumptionBinaryFramework.app; sourceTree = BUILT_PRODUCTS_DIR; };
		8ADD54A226A0B8FB009BFA41 /* ConsumptionBinaryFrameworkApp.swift */ = {isa = PBXFileReference; lastKnownFileType = sourcecode.swift; path = ConsumptionBinaryFrameworkApp.swift; sourceTree = "<group>"; };
		8ADD54A426A0B8FB009BFA41 /* ContentView.swift */ = {isa = PBXFileReference; lastKnownFileType = sourcecode.swift; path = ContentView.swift; sourceTree = "<group>"; };
		8ADD54A626A0B8FE009BFA41 /* Assets.xcassets */ = {isa = PBXFileReference; lastKnownFileType = folder.assetcatalog; path = Assets.xcassets; sourceTree = "<group>"; };
		8ADD54A926A0B8FE009BFA41 /* Preview Assets.xcassets */ = {isa = PBXFileReference; lastKnownFileType = folder.assetcatalog; path = "Preview Assets.xcassets"; sourceTree = "<group>"; };
		8ADD54AB26A0B8FE009BFA41 /* Info.plist */ = {isa = PBXFileReference; lastKnownFileType = text.plist.xml; path = Info.plist; sourceTree = "<group>"; };
		8ADD54B226A0B938009BFA41 /* FioriThemeManager.xcframework */ = {isa = PBXFileReference; lastKnownFileType = wrapper.xcframework; name = FioriThemeManager.xcframework; path = ../../FioriThemeManager.xcframework; sourceTree = "<group>"; };
		8ADD54B626A0B9A9009BFA41 /* SettingsColor.swift */ = {isa = PBXFileReference; lastKnownFileType = sourcecode.swift; path = SettingsColor.swift; sourceTree = "<group>"; };
		8ADD54B826A0B9EE009BFA41 /* FioriSwiftUICore.xcframework */ = {isa = PBXFileReference; lastKnownFileType = wrapper.xcframework; name = FioriSwiftUICore.xcframework; path = ../../FioriSwiftUICore.xcframework; sourceTree = "<group>"; };
		8ADD54BB26A0BAA9009BFA41 /* FioriCharts.xcframework */ = {isa = PBXFileReference; lastKnownFileType = wrapper.xcframework; name = FioriCharts.xcframework; path = ../../FioriCharts.xcframework; sourceTree = "<group>"; };
		8ADD54BE26A0BAF8009BFA41 /* ChartsContentView.swift */ = {isa = PBXFileReference; lastKnownFileType = sourcecode.swift; path = ChartsContentView.swift; sourceTree = "<group>"; };
		8ADD54C026A0BB0A009BFA41 /* CoreContentView.swift */ = {isa = PBXFileReference; lastKnownFileType = sourcecode.swift; path = CoreContentView.swift; sourceTree = "<group>"; };
/* End PBXFileReference section */

/* Begin PBXFrameworksBuildPhase section */
		8ADD549C26A0B8FB009BFA41 /* Frameworks */ = {
			isa = PBXFrameworksBuildPhase;
			buildActionMask = 2147483647;
			files = (
				8A585FF326A0C60E000F3B8F /* FioriThemeManager.xcframework in Frameworks */,
				8A585FF126A0C60E000F3B8F /* FioriSwiftUICore.xcframework in Frameworks */,
				8A585FEF26A0C60E000F3B8F /* FioriCharts.xcframework in Frameworks */,
			);
			runOnlyForDeploymentPostprocessing = 0;
		};
/* End PBXFrameworksBuildPhase section */

/* Begin PBXGroup section */
		8ADD549626A0B8FB009BFA41 = {
			isa = PBXGroup;
			children = (
				8ADD54A126A0B8FB009BFA41 /* ConsumptionBinaryFramework */,
				8ADD54A026A0B8FB009BFA41 /* Products */,
				8ADD54B126A0B938009BFA41 /* Frameworks */,
			);
			sourceTree = "<group>";
		};
		8ADD54A026A0B8FB009BFA41 /* Products */ = {
			isa = PBXGroup;
			children = (
				8ADD549F26A0B8FB009BFA41 /* ConsumptionBinaryFramework.app */,
			);
			name = Products;
			sourceTree = "<group>";
		};
		8ADD54A126A0B8FB009BFA41 /* ConsumptionBinaryFramework */ = {
			isa = PBXGroup;
			children = (
				8ADD54A226A0B8FB009BFA41 /* ConsumptionBinaryFrameworkApp.swift */,
				8ADD54A426A0B8FB009BFA41 /* ContentView.swift */,
				8ADD54A626A0B8FE009BFA41 /* Assets.xcassets */,
				8ADD54AB26A0B8FE009BFA41 /* Info.plist */,
				8ADD54A826A0B8FE009BFA41 /* Preview Content */,
				8ADD54B626A0B9A9009BFA41 /* SettingsColor.swift */,
				8ADD54BE26A0BAF8009BFA41 /* ChartsContentView.swift */,
				8ADD54C026A0BB0A009BFA41 /* CoreContentView.swift */,
				8A585FFA26A0C665000F3B8F /* AppTexts.strings */,
			);
			path = ConsumptionBinaryFramework;
			sourceTree = "<group>";
		};
		8ADD54A826A0B8FE009BFA41 /* Preview Content */ = {
			isa = PBXGroup;
			children = (
				8ADD54A926A0B8FE009BFA41 /* Preview Assets.xcassets */,
			);
			path = "Preview Content";
			sourceTree = "<group>";
		};
		8ADD54B126A0B938009BFA41 /* Frameworks */ = {
			isa = PBXGroup;
			children = (
				8ADD54BB26A0BAA9009BFA41 /* FioriCharts.xcframework */,
				8ADD54B826A0B9EE009BFA41 /* FioriSwiftUICore.xcframework */,
				8ADD54B226A0B938009BFA41 /* FioriThemeManager.xcframework */,
			);
			name = Frameworks;
			sourceTree = "<group>";
		};
/* End PBXGroup section */

/* Begin PBXNativeTarget section */
		8ADD549E26A0B8FB009BFA41 /* ConsumptionBinaryFramework */ = {
			isa = PBXNativeTarget;
			buildConfigurationList = 8ADD54AE26A0B8FF009BFA41 /* Build configuration list for PBXNativeTarget "ConsumptionBinaryFramework" */;
			buildPhases = (
				8ADD549B26A0B8FB009BFA41 /* Sources */,
				8ADD549C26A0B8FB009BFA41 /* Frameworks */,
				8ADD549D26A0B8FB009BFA41 /* Resources */,
				8A585FF526A0C60E000F3B8F /* Embed Frameworks */,
			);
			buildRules = (
			);
			dependencies = (
			);
			name = ConsumptionBinaryFramework;
			productName = ConsumptionBinaryFramework;
			productReference = 8ADD549F26A0B8FB009BFA41 /* ConsumptionBinaryFramework.app */;
			productType = "com.apple.product-type.application";
		};
/* End PBXNativeTarget section */

/* Begin PBXProject section */
		8ADD549726A0B8FB009BFA41 /* Project object */ = {
			isa = PBXProject;
			attributes = {
				LastSwiftUpdateCheck = 1250;
				LastUpgradeCheck = 1250;
				TargetAttributes = {
					8ADD549E26A0B8FB009BFA41 = {
						CreatedOnToolsVersion = 12.5.1;
					};
				};
			};
			buildConfigurationList = 8ADD549A26A0B8FB009BFA41 /* Build configuration list for PBXProject "ConsumptionBinaryFramework" */;
			compatibilityVersion = "Xcode 9.3";
			developmentRegion = en;
			hasScannedForEncodings = 0;
			knownRegions = (
				en,
				Base,
				de,
			);
			mainGroup = 8ADD549626A0B8FB009BFA41;
			productRefGroup = 8ADD54A026A0B8FB009BFA41 /* Products */;
			projectDirPath = "";
			projectRoot = "";
			targets = (
				8ADD549E26A0B8FB009BFA41 /* ConsumptionBinaryFramework */,
			);
		};
/* End PBXProject section */

/* Begin PBXResourcesBuildPhase section */
		8ADD549D26A0B8FB009BFA41 /* Resources */ = {
			isa = PBXResourcesBuildPhase;
			buildActionMask = 2147483647;
			files = (
				8ADD54AA26A0B8FE009BFA41 /* Preview Assets.xcassets in Resources */,
				8A585FF826A0C665000F3B8F /* AppTexts.strings in Resources */,
				8ADD54A726A0B8FE009BFA41 /* Assets.xcassets in Resources */,
			);
			runOnlyForDeploymentPostprocessing = 0;
		};
/* End PBXResourcesBuildPhase section */

/* Begin PBXSourcesBuildPhase section */
		8ADD549B26A0B8FB009BFA41 /* Sources */ = {
			isa = PBXSourcesBuildPhase;
			buildActionMask = 2147483647;
			files = (
				8ADD54A526A0B8FB009BFA41 /* ContentView.swift in Sources */,
				8ADD54C126A0BB0A009BFA41 /* CoreContentView.swift in Sources */,
				8ADD54BF26A0BAF8009BFA41 /* ChartsContentView.swift in Sources */,
				8ADD54A326A0B8FB009BFA41 /* ConsumptionBinaryFrameworkApp.swift in Sources */,
				8ADD54B726A0B9A9009BFA41 /* SettingsColor.swift in Sources */,
			);
			runOnlyForDeploymentPostprocessing = 0;
		};
/* End PBXSourcesBuildPhase section */

/* Begin PBXVariantGroup section */
		8A585FFA26A0C665000F3B8F /* AppTexts.strings */ = {
			isa = PBXVariantGroup;
			children = (
				8A585FF926A0C665000F3B8F /* en */,
				8A585FFB26A0C66E000F3B8F /* de */,
			);
			name = AppTexts.strings;
			sourceTree = "<group>";
		};
/* End PBXVariantGroup section */

/* Begin XCBuildConfiguration section */
		8ADD54AC26A0B8FF009BFA41 /* Debug */ = {
			isa = XCBuildConfiguration;
			buildSettings = {
				ALWAYS_SEARCH_USER_PATHS = NO;
				CLANG_ANALYZER_NONNULL = YES;
				CLANG_ANALYZER_NUMBER_OBJECT_CONVERSION = YES_AGGRESSIVE;
				CLANG_CXX_LANGUAGE_STANDARD = "gnu++14";
				CLANG_CXX_LIBRARY = "libc++";
				CLANG_ENABLE_MODULES = YES;
				CLANG_ENABLE_OBJC_ARC = YES;
				CLANG_ENABLE_OBJC_WEAK = YES;
				CLANG_WARN_BLOCK_CAPTURE_AUTORELEASING = YES;
				CLANG_WARN_BOOL_CONVERSION = YES;
				CLANG_WARN_COMMA = YES;
				CLANG_WARN_CONSTANT_CONVERSION = YES;
				CLANG_WARN_DEPRECATED_OBJC_IMPLEMENTATIONS = YES;
				CLANG_WARN_DIRECT_OBJC_ISA_USAGE = YES_ERROR;
				CLANG_WARN_DOCUMENTATION_COMMENTS = YES;
				CLANG_WARN_EMPTY_BODY = YES;
				CLANG_WARN_ENUM_CONVERSION = YES;
				CLANG_WARN_INFINITE_RECURSION = YES;
				CLANG_WARN_INT_CONVERSION = YES;
				CLANG_WARN_NON_LITERAL_NULL_CONVERSION = YES;
				CLANG_WARN_OBJC_IMPLICIT_RETAIN_SELF = YES;
				CLANG_WARN_OBJC_LITERAL_CONVERSION = YES;
				CLANG_WARN_OBJC_ROOT_CLASS = YES_ERROR;
				CLANG_WARN_QUOTED_INCLUDE_IN_FRAMEWORK_HEADER = YES;
				CLANG_WARN_RANGE_LOOP_ANALYSIS = YES;
				CLANG_WARN_STRICT_PROTOTYPES = YES;
				CLANG_WARN_SUSPICIOUS_MOVE = YES;
				CLANG_WARN_UNGUARDED_AVAILABILITY = YES_AGGRESSIVE;
				CLANG_WARN_UNREACHABLE_CODE = YES;
				CLANG_WARN__DUPLICATE_METHOD_MATCH = YES;
				COPY_PHASE_STRIP = NO;
				DEBUG_INFORMATION_FORMAT = dwarf;
				ENABLE_STRICT_OBJC_MSGSEND = YES;
				ENABLE_TESTABILITY = YES;
				GCC_C_LANGUAGE_STANDARD = gnu11;
				GCC_DYNAMIC_NO_PIC = NO;
				GCC_NO_COMMON_BLOCKS = YES;
				GCC_OPTIMIZATION_LEVEL = 0;
				GCC_PREPROCESSOR_DEFINITIONS = (
					"DEBUG=1",
					"$(inherited)",
				);
				GCC_WARN_64_TO_32_BIT_CONVERSION = YES;
				GCC_WARN_ABOUT_RETURN_TYPE = YES_ERROR;
				GCC_WARN_UNDECLARED_SELECTOR = YES;
				GCC_WARN_UNINITIALIZED_AUTOS = YES_AGGRESSIVE;
				GCC_WARN_UNUSED_FUNCTION = YES;
				GCC_WARN_UNUSED_VARIABLE = YES;
				IPHONEOS_DEPLOYMENT_TARGET = 14.5;
				MTL_ENABLE_DEBUG_INFO = INCLUDE_SOURCE;
				MTL_FAST_MATH = YES;
				ONLY_ACTIVE_ARCH = YES;
				SDKROOT = iphoneos;
				SWIFT_ACTIVE_COMPILATION_CONDITIONS = DEBUG;
				SWIFT_OPTIMIZATION_LEVEL = "-Onone";
			};
			name = Debug;
		};
		8ADD54AD26A0B8FF009BFA41 /* Release */ = {
			isa = XCBuildConfiguration;
			buildSettings = {
				ALWAYS_SEARCH_USER_PATHS = NO;
				CLANG_ANALYZER_NONNULL = YES;
				CLANG_ANALYZER_NUMBER_OBJECT_CONVERSION = YES_AGGRESSIVE;
				CLANG_CXX_LANGUAGE_STANDARD = "gnu++14";
				CLANG_CXX_LIBRARY = "libc++";
				CLANG_ENABLE_MODULES = YES;
				CLANG_ENABLE_OBJC_ARC = YES;
				CLANG_ENABLE_OBJC_WEAK = YES;
				CLANG_WARN_BLOCK_CAPTURE_AUTORELEASING = YES;
				CLANG_WARN_BOOL_CONVERSION = YES;
				CLANG_WARN_COMMA = YES;
				CLANG_WARN_CONSTANT_CONVERSION = YES;
				CLANG_WARN_DEPRECATED_OBJC_IMPLEMENTATIONS = YES;
				CLANG_WARN_DIRECT_OBJC_ISA_USAGE = YES_ERROR;
				CLANG_WARN_DOCUMENTATION_COMMENTS = YES;
				CLANG_WARN_EMPTY_BODY = YES;
				CLANG_WARN_ENUM_CONVERSION = YES;
				CLANG_WARN_INFINITE_RECURSION = YES;
				CLANG_WARN_INT_CONVERSION = YES;
				CLANG_WARN_NON_LITERAL_NULL_CONVERSION = YES;
				CLANG_WARN_OBJC_IMPLICIT_RETAIN_SELF = YES;
				CLANG_WARN_OBJC_LITERAL_CONVERSION = YES;
				CLANG_WARN_OBJC_ROOT_CLASS = YES_ERROR;
				CLANG_WARN_QUOTED_INCLUDE_IN_FRAMEWORK_HEADER = YES;
				CLANG_WARN_RANGE_LOOP_ANALYSIS = YES;
				CLANG_WARN_STRICT_PROTOTYPES = YES;
				CLANG_WARN_SUSPICIOUS_MOVE = YES;
				CLANG_WARN_UNGUARDED_AVAILABILITY = YES_AGGRESSIVE;
				CLANG_WARN_UNREACHABLE_CODE = YES;
				CLANG_WARN__DUPLICATE_METHOD_MATCH = YES;
				COPY_PHASE_STRIP = NO;
				DEBUG_INFORMATION_FORMAT = "dwarf-with-dsym";
				ENABLE_NS_ASSERTIONS = NO;
				ENABLE_STRICT_OBJC_MSGSEND = YES;
				GCC_C_LANGUAGE_STANDARD = gnu11;
				GCC_NO_COMMON_BLOCKS = YES;
				GCC_WARN_64_TO_32_BIT_CONVERSION = YES;
				GCC_WARN_ABOUT_RETURN_TYPE = YES_ERROR;
				GCC_WARN_UNDECLARED_SELECTOR = YES;
				GCC_WARN_UNINITIALIZED_AUTOS = YES_AGGRESSIVE;
				GCC_WARN_UNUSED_FUNCTION = YES;
				GCC_WARN_UNUSED_VARIABLE = YES;
				IPHONEOS_DEPLOYMENT_TARGET = 14.5;
				MTL_ENABLE_DEBUG_INFO = NO;
				MTL_FAST_MATH = YES;
				SDKROOT = iphoneos;
				SWIFT_COMPILATION_MODE = wholemodule;
				SWIFT_OPTIMIZATION_LEVEL = "-O";
				VALIDATE_PRODUCT = YES;
			};
			name = Release;
		};
		8ADD54AF26A0B8FF009BFA41 /* Debug */ = {
			isa = XCBuildConfiguration;
			buildSettings = {
				ASSETCATALOG_COMPILER_APPICON_NAME = AppIcon;
				ASSETCATALOG_COMPILER_GLOBAL_ACCENT_COLOR_NAME = AccentColor;
				CODE_SIGN_STYLE = Automatic;
				DEVELOPMENT_ASSET_PATHS = "\"ConsumptionBinaryFramework/Preview Content\"";
				ENABLE_PREVIEWS = YES;
				INFOPLIST_FILE = ConsumptionBinaryFramework/Info.plist;
				IPHONEOS_DEPLOYMENT_TARGET = 14.0;
				LD_RUNPATH_SEARCH_PATHS = (
					"$(inherited)",
					"@executable_path/Frameworks",
				);
				PRODUCT_BUNDLE_IDENTIFIER = "com.sap.cloud-sdk-ios-fiori.ConsumptionBinaryFramework";
				PRODUCT_NAME = "$(TARGET_NAME)";
				SWIFT_VERSION = 5.0;
				TARGETED_DEVICE_FAMILY = "1,2";
			};
			name = Debug;
		};
		8ADD54B026A0B8FF009BFA41 /* Release */ = {
			isa = XCBuildConfiguration;
			buildSettings = {
				ASSETCATALOG_COMPILER_APPICON_NAME = AppIcon;
				ASSETCATALOG_COMPILER_GLOBAL_ACCENT_COLOR_NAME = AccentColor;
				CODE_SIGN_STYLE = Automatic;
				DEVELOPMENT_ASSET_PATHS = "\"ConsumptionBinaryFramework/Preview Content\"";
				ENABLE_PREVIEWS = YES;
				INFOPLIST_FILE = ConsumptionBinaryFramework/Info.plist;
				IPHONEOS_DEPLOYMENT_TARGET = 14.0;
				LD_RUNPATH_SEARCH_PATHS = (
					"$(inherited)",
					"@executable_path/Frameworks",
				);
				PRODUCT_BUNDLE_IDENTIFIER = "com.sap.cloud-sdk-ios-fiori.ConsumptionBinaryFramework";
				PRODUCT_NAME = "$(TARGET_NAME)";
				SWIFT_VERSION = 5.0;
				TARGETED_DEVICE_FAMILY = "1,2";
			};
			name = Release;
		};
/* End XCBuildConfiguration section */

/* Begin XCConfigurationList section */
		8ADD549A26A0B8FB009BFA41 /* Build configuration list for PBXProject "ConsumptionBinaryFramework" */ = {
			isa = XCConfigurationList;
			buildConfigurations = (
				8ADD54AC26A0B8FF009BFA41 /* Debug */,
				8ADD54AD26A0B8FF009BFA41 /* Release */,
			);
			defaultConfigurationIsVisible = 0;
			defaultConfigurationName = Release;
		};
		8ADD54AE26A0B8FF009BFA41 /* Build configuration list for PBXNativeTarget "ConsumptionBinaryFramework" */ = {
			isa = XCConfigurationList;
			buildConfigurations = (
				8ADD54AF26A0B8FF009BFA41 /* Debug */,
				8ADD54B026A0B8FF009BFA41 /* Release */,
			);
			defaultConfigurationIsVisible = 0;
			defaultConfigurationName = Release;
		};
/* End XCConfigurationList section */
	};
	rootObject = 8ADD549726A0B8FB009BFA41 /* Project object */;
}
